
Microsoft Visual Studio Solution File, Format Version 12.00
# Visual Studio Version 16
VisualStudioVersion = 16.0.29920.165
MinimumVisualStudioVersion = 10.0.40219.1
Project("{FAE04EC0-301F-11D3-BF4B-00C04F79EFBC}") = "TaskMan", "TaskMan\TaskMan.csproj", "{1A30AC0D-3C63-4764-8D03-B63C12546570}"
EndProject
Global
	GlobalSection(SolutionConfigurationPlatforms) = preSolution
		Debug|Any CPU = Debug|Any CPU
		Release|Any CPU = Release|Any CPU
	EndGlobalSection
	GlobalSection(ProjectConfigurationPlatforms) = postSolution
		{1A30AC0D-3C63-4764-8D03-B63C12546570}.Debug|Any CPU.ActiveCfg = Debug|Any CPU
		{1A30AC0D-3C63-4764-8D03-B63C12546570}.Debug|Any CPU.Build.0 = Debug|Any CPU
		{1A30AC0D-3C63-4764-8D03-B63C12546570}.Release|Any CPU.ActiveCfg = Release|Any CPU
		{1A30AC0D-3C63-4764-8D03-B63C12546570}.Release|Any CPU.Build.0 = Release|Any CPU
	EndGlobalSection
	GlobalSection(SolutionProperties) = preSolution
		HideSolutionNode = FALSE
	EndGlobalSection
	GlobalSection(ExtensibilityGlobals) = postSolution
		SolutionGuid = {1DDE0C03-A7EE-4199-8834-809C99C43240}
	EndGlobalSection
EndGlobal
